// !$*UTF8*$!
{
	archiveVersion = 1;
	classes = {
	};
	objectVersion = 77;
	objects = {

/* Begin PBXBuildFile section */
		03D4AFD731AC2DAB33914A36 /* ChatScreen.swift in Sources */ = {isa = PBXBuildFile; fileRef = 2EE1B98AE1FA51168F2F2441 /* ChatScreen.swift */; };
		08A57DCC9DE462F62747DBEC /* BackupRestoreScreen.swift in Sources */ = {isa = PBXBuildFile; fileRef = 0E6F35377487C318911032C3 /* BackupRestoreScreen.swift */; };
		0B2853BC736A46BB4197167B /* StreamParser.swift in Sources */ = {isa = PBXBuildFile; fileRef = 1302C1DF6754AAA2F5945258 /* StreamParser.swift */; };
		1035FCD2C4B59E5AB88ACD81 /* InputBar.swift in Sources */ = {isa = PBXBuildFile; fileRef = 49E9C2D11ED2CDA9EC166D06 /* InputBar.swift */; };
		111CA9FDFB1846614C225578 /* SettingsScreen.swift in Sources */ = {isa = PBXBuildFile; fileRef = D66F407B9DFFEDA7F1B59AA7 /* SettingsScreen.swift */; };
		124AB3D906F9AA098356AE2F /* StreamingIndicator.swift in Sources */ = {isa = PBXBuildFile; fileRef = B3BABA68BED2600E3AC82376 /* StreamingIndicator.swift */; };
		1468E2C299E7B7DEA4BB1BC9 /* OllamaError.swift in Sources */ = {isa = PBXBuildFile; fileRef = 9E4E9D24C8F8BBA88CCAC41D /* OllamaError.swift */; };
		160DBA1F0C72A979CF3999B6 /* AttachmentMenu.swift in Sources */ = {isa = PBXBuildFile; fileRef = B22C035DB55B063207E2E6FE /* AttachmentMenu.swift */; };
		180A7D006DFA746B1FECD889 /* ContentView.swift in Sources */ = {isa = PBXBuildFile; fileRef = 9F4E4AB8E9C309815BA8631F /* ContentView.swift */; };
		1D92AE8B03BD0CEB81B396A1 /* TavilyClient.swift in Sources */ = {isa = PBXBuildFile; fileRef = 1FBECF4423B456BA29BB2625 /* TavilyClient.swift */; };
		22977C7482CC9F0242A99663 /* ChatViewModel.swift in Sources */ = {isa = PBXBuildFile; fileRef = 534171A10220BC5588FD4A22 /* ChatViewModel.swift */; };
		23E0C00C8AE0B38AD2E86014 /* ExpandableSettingsCard.swift in Sources */ = {isa = PBXBuildFile; fileRef = 102627A20F4D558FC3C5FDEC /* ExpandableSettingsCard.swift */; };
		2511A00C93D50E4285EB0182 /* ChatService.swift in Sources */ = {isa = PBXBuildFile; fileRef = C7D92F810C296E3857437B8F /* ChatService.swift */; };
		25FAEA19870933A8302D928A /* RecentsScreen.swift in Sources */ = {isa = PBXBuildFile; fileRef = 51FF93E964430846CC65349F /* RecentsScreen.swift */; };
		3A7ED04720D3A30A5C319715 /* AppSettings.swift in Sources */ = {isa = PBXBuildFile; fileRef = 2FB6BF87B6A1E63D9351733A /* AppSettings.swift */; };
		3BCEF633BAAB0DE05CA472B1 /* ModelSelector.swift in Sources */ = {isa = PBXBuildFile; fileRef = 391B1E8C4278C23D59BE908F /* ModelSelector.swift */; };
		4FE25D05D45C997466602295 /* SessionsViewModel.swift in Sources */ = {isa = PBXBuildFile; fileRef = 54CE0188C8212E6A06BCE209 /* SessionsViewModel.swift */; };
		50F00ACA5CFC3B9932479F61 /* BackupService.swift in Sources */ = {isa = PBXBuildFile; fileRef = 3AA0C82F1F4858DDD9F415C9 /* BackupService.swift */; };
		56C2813F0C0AF39FD735E110 /* ApiClient.swift in Sources */ = {isa = PBXBuildFile; fileRef = EA03C6357F3D3AF9CAC2AF4A /* ApiClient.swift */; };
		5B3130C5518316157C80E15D /* ChatSession.swift in Sources */ = {isa = PBXBuildFile; fileRef = 77C619294B1AC03B395063A0 /* ChatSession.swift */; };
		5CCE7C6BE183BA0C52804F69 /* PrivacyConsentView.swift in Sources */ = {isa = PBXBuildFile; fileRef = 115B91E68CCAAC62AAC60A9A /* PrivacyConsentView.swift */; };
		69C8731DD2F018E52D9157E0 /* ChatMessage.swift in Sources */ = {isa = PBXBuildFile; fileRef = 1CCF9EB6980753797CA4D6F3 /* ChatMessage.swift */; };
		7A85868A50773D8C7AC97AFB /* OllamaChatApp.swift in Sources */ = {isa = PBXBuildFile; fileRef = 28D4CDB54F98B7A14857F734 /* OllamaChatApp.swift */; };
		8114524EDA6E3802409B1BE9 /* Assets.xcassets in Resources */ = {isa = PBXBuildFile; fileRef = AF23B1632E381A99D90972C9 /* Assets.xcassets */; };
		845BE85FCBE8A494AD523CF0 /* SettingsViewModel.swift in Sources */ = {isa = PBXBuildFile; fileRef = 25DF8192F049B1A49BB9F58E /* SettingsViewModel.swift */; };
		899F34FCF3B04954A666F949 /* PrivacyPolicyView.swift in Sources */ = {isa = PBXBuildFile; fileRef = 03837E6569F648E5037D619E /* PrivacyPolicyView.swift */; };
		8C69E0BF0D835BBE0975B7C1 /* Theme.swift in Sources */ = {isa = PBXBuildFile; fileRef = 762FB85AA861951C38699CC0 /* Theme.swift */; };
		8EE08D02623D41C023EFFE13 /* SettingsRepository.swift in Sources */ = {isa = PBXBuildFile; fileRef = CC8A38E2E97E43BA536797CB /* SettingsRepository.swift */; };
		A56ACA211DEA1078C5EB7AB8 /* ChatRepository.swift in Sources */ = {isa = PBXBuildFile; fileRef = 2F8688431819B57F602197E5 /* ChatRepository.swift */; };
		A7B48FE6D83E7AF3997DDED6 /* WelcomeCard.swift in Sources */ = {isa = PBXBuildFile; fileRef = 3A752A169448470AF5D446AF /* WelcomeCard.swift */; };
		B4BAB71E90197ED238800BD9 /* ModelAttribution.swift in Sources */ = {isa = PBXBuildFile; fileRef = 60BC1E72CE5E5A87AD2B7E9F /* ModelAttribution.swift */; };
		BDFB7418E8A3C15B715DDD88 /* ConnectionConfig.swift in Sources */ = {isa = PBXBuildFile; fileRef = DFCCF0866A7E6D41E6E26E9F /* ConnectionConfig.swift */; };
		C0F3A33A39736A172168A7D9 /* AvailableModels.swift in Sources */ = {isa = PBXBuildFile; fileRef = 338134FAD4BCF1358C82A488 /* AvailableModels.swift */; };
		D3600BBF9DC846DDE5494EAC /* DisplayModel.swift in Sources */ = {isa = PBXBuildFile; fileRef = 5D55DF732D37CA1C185CF326 /* DisplayModel.swift */; };
		E442084B4459FFB1A1C2523D /* MessageBubble.swift in Sources */ = {isa = PBXBuildFile; fileRef = 90A0AB599B4E615A5EFDBB16 /* MessageBubble.swift */; };
		E68EA6A573F49DBE901E0CAF /* DrawerView.swift in Sources */ = {isa = PBXBuildFile; fileRef = 127C5A3A907D80E00EF38CB2 /* DrawerView.swift */; };
		F4B9DF80D22F9358139826E0 /* SearchService.swift in Sources */ = {isa = PBXBuildFile; fileRef = 3ED67BAD9B0D7DCFE65E9671 /* SearchService.swift */; };
		F6BF3E21BF46ED05F4CC3530 /* OllamaModels.swift in Sources */ = {isa = PBXBuildFile; fileRef = F3B09767F7386C960587BCAF /* OllamaModels.swift */; };
/* End PBXBuildFile section */

/* Begin PBXFileReference section */
		03837E6569F648E5037D619E /* PrivacyPolicyView.swift */ = {isa = PBXFileReference; lastKnownFileType = sourcecode.swift; path = PrivacyPolicyView.swift; sourceTree = "<group>"; };
		03A8EF848E9D2C0CF72BAC83 /* LocalLLMChat.app */ = {isa = PBXFileReference; includeInIndex = 0; lastKnownFileType = wrapper.application; path = LocalLLMChat.app; sourceTree = BUILT_PRODUCTS_DIR; };
		0E6F35377487C318911032C3 /* BackupRestoreScreen.swift */ = {isa = PBXFileReference; lastKnownFileType = sourcecode.swift; path = BackupRestoreScreen.swift; sourceTree = "<group>"; };
		102627A20F4D558FC3C5FDEC /* ExpandableSettingsCard.swift */ = {isa = PBXFileReference; lastKnownFileType = sourcecode.swift; path = ExpandableSettingsCard.swift; sourceTree = "<group>"; };
		115B91E68CCAAC62AAC60A9A /* PrivacyConsentView.swift */ = {isa = PBXFileReference; lastKnownFileType = sourcecode.swift; path = PrivacyConsentView.swift; sourceTree = "<group>"; };
		127C5A3A907D80E00EF38CB2 /* DrawerView.swift */ = {isa = PBXFileReference; lastKnownFileType = sourcecode.swift; path = DrawerView.swift; sourceTree = "<group>"; };
		1302C1DF6754AAA2F5945258 /* StreamParser.swift */ = {isa = PBXFileReference; lastKnownFileType = sourcecode.swift; path = StreamParser.swift; sourceTree = "<group>"; };
		1CCF9EB6980753797CA4D6F3 /* ChatMessage.swift */ = {isa = PBXFileReference; lastKnownFileType = sourcecode.swift; path = ChatMessage.swift; sourceTree = "<group>"; };
		1FBECF4423B456BA29BB2625 /* TavilyClient.swift */ = {isa = PBXFileReference; lastKnownFileType = sourcecode.swift; path = TavilyClient.swift; sourceTree = "<group>"; };
		25DF8192F049B1A49BB9F58E /* SettingsViewModel.swift */ = {isa = PBXFileReference; lastKnownFileType = sourcecode.swift; path = SettingsViewModel.swift; sourceTree = "<group>"; };
		28D4CDB54F98B7A14857F734 /* OllamaChatApp.swift */ = {isa = PBXFileReference; lastKnownFileType = sourcecode.swift; path = OllamaChatApp.swift; sourceTree = "<group>"; };
		2EE1B98AE1FA51168F2F2441 /* ChatScreen.swift */ = {isa = PBXFileReference; lastKnownFileType = sourcecode.swift; path = ChatScreen.swift; sourceTree = "<group>"; };
		2F8688431819B57F602197E5 /* ChatRepository.swift */ = {isa = PBXFileReference; lastKnownFileType = sourcecode.swift; path = ChatRepository.swift; sourceTree = "<group>"; };
		2FB6BF87B6A1E63D9351733A /* AppSettings.swift */ = {isa = PBXFileReference; lastKnownFileType = sourcecode.swift; path = AppSettings.swift; sourceTree = "<group>"; };
		338134FAD4BCF1358C82A488 /* AvailableModels.swift */ = {isa = PBXFileReference; lastKnownFileType = sourcecode.swift; path = AvailableModels.swift; sourceTree = "<group>"; };
		391B1E8C4278C23D59BE908F /* ModelSelector.swift */ = {isa = PBXFileReference; lastKnownFileType = sourcecode.swift; path = ModelSelector.swift; sourceTree = "<group>"; };
		3A752A169448470AF5D446AF /* WelcomeCard.swift */ = {isa = PBXFileReference; lastKnownFileType = sourcecode.swift; path = WelcomeCard.swift; sourceTree = "<group>"; };
		3AA0C82F1F4858DDD9F415C9 /* BackupService.swift */ = {isa = PBXFileReference; lastKnownFileType = sourcecode.swift; path = BackupService.swift; sourceTree = "<group>"; };
		3ED67BAD9B0D7DCFE65E9671 /* SearchService.swift */ = {isa = PBXFileReference; lastKnownFileType = sourcecode.swift; path = SearchService.swift; sourceTree = "<group>"; };
		49E9C2D11ED2CDA9EC166D06 /* InputBar.swift */ = {isa = PBXFileReference; lastKnownFileType = sourcecode.swift; path = InputBar.swift; sourceTree = "<group>"; };
		51FF93E964430846CC65349F /* RecentsScreen.swift */ = {isa = PBXFileReference; lastKnownFileType = sourcecode.swift; path = RecentsScreen.swift; sourceTree = "<group>"; };
		534171A10220BC5588FD4A22 /* ChatViewModel.swift */ = {isa = PBXFileReference; lastKnownFileType = sourcecode.swift; path = ChatViewModel.swift; sourceTree = "<group>"; };
		54CE0188C8212E6A06BCE209 /* SessionsViewModel.swift */ = {isa = PBXFileReference; lastKnownFileType = sourcecode.swift; path = SessionsViewModel.swift; sourceTree = "<group>"; };
		5D55DF732D37CA1C185CF326 /* DisplayModel.swift */ = {isa = PBXFileReference; lastKnownFileType = sourcecode.swift; path = DisplayModel.swift; sourceTree = "<group>"; };
		60BC1E72CE5E5A87AD2B7E9F /* ModelAttribution.swift */ = {isa = PBXFileReference; lastKnownFileType = sourcecode.swift; path = ModelAttribution.swift; sourceTree = "<group>"; };
		6E446589F9E820572EA225BE /* OllamaChat.entitlements */ = {isa = PBXFileReference; lastKnownFileType = text.plist.entitlements; path = OllamaChat.entitlements; sourceTree = "<group>"; };
		762FB85AA861951C38699CC0 /* Theme.swift */ = {isa = PBXFileReference; lastKnownFileType = sourcecode.swift; path = Theme.swift; sourceTree = "<group>"; };
		77C619294B1AC03B395063A0 /* ChatSession.swift */ = {isa = PBXFileReference; lastKnownFileType = sourcecode.swift; path = ChatSession.swift; sourceTree = "<group>"; };
		90A0AB599B4E615A5EFDBB16 /* MessageBubble.swift */ = {isa = PBXFileReference; lastKnownFileType = sourcecode.swift; path = MessageBubble.swift; sourceTree = "<group>"; };
		9E4E9D24C8F8BBA88CCAC41D /* OllamaError.swift */ = {isa = PBXFileReference; lastKnownFileType = sourcecode.swift; path = OllamaError.swift; sourceTree = "<group>"; };
		9F4E4AB8E9C309815BA8631F /* ContentView.swift */ = {isa = PBXFileReference; lastKnownFileType = sourcecode.swift; path = ContentView.swift; sourceTree = "<group>"; };
		AF23B1632E381A99D90972C9 /* Assets.xcassets */ = {isa = PBXFileReference; lastKnownFileType = folder.assetcatalog; path = Assets.xcassets; sourceTree = "<group>"; };
		B22C035DB55B063207E2E6FE /* AttachmentMenu.swift */ = {isa = PBXFileReference; lastKnownFileType = sourcecode.swift; path = AttachmentMenu.swift; sourceTree = "<group>"; };
		B3BABA68BED2600E3AC82376 /* StreamingIndicator.swift */ = {isa = PBXFileReference; lastKnownFileType = sourcecode.swift; path = StreamingIndicator.swift; sourceTree = "<group>"; };
		C7D92F810C296E3857437B8F /* ChatService.swift */ = {isa = PBXFileReference; lastKnownFileType = sourcecode.swift; path = ChatService.swift; sourceTree = "<group>"; };
		CC8A38E2E97E43BA536797CB /* SettingsRepository.swift */ = {isa = PBXFileReference; lastKnownFileType = sourcecode.swift; path = SettingsRepository.swift; sourceTree = "<group>"; };
		D66F407B9DFFEDA7F1B59AA7 /* SettingsScreen.swift */ = {isa = PBXFileReference; lastKnownFileType = sourcecode.swift; path = SettingsScreen.swift; sourceTree = "<group>"; };
		DFCCF0866A7E6D41E6E26E9F /* ConnectionConfig.swift */ = {isa = PBXFileReference; lastKnownFileType = sourcecode.swift; path = ConnectionConfig.swift; sourceTree = "<group>"; };
		EA03C6357F3D3AF9CAC2AF4A /* ApiClient.swift */ = {isa = PBXFileReference; lastKnownFileType = sourcecode.swift; path = ApiClient.swift; sourceTree = "<group>"; };
		F3B09767F7386C960587BCAF /* OllamaModels.swift */ = {isa = PBXFileReference; lastKnownFileType = sourcecode.swift; path = OllamaModels.swift; sourceTree = "<group>"; };
/* End PBXFileReference section */

/* Begin PBXGroup section */
		0C9A46E91D33D416D8C52735 /* ViewModels */ = {
			isa = PBXGroup;
			children = (
				534171A10220BC5588FD4A22 /* ChatViewModel.swift */,
				54CE0188C8212E6A06BCE209 /* SessionsViewModel.swift */,
				25DF8192F049B1A49BB9F58E /* SettingsViewModel.swift */,
			);
			path = ViewModels;
			sourceTree = "<group>";
		};
		239D1478915E336D86F98346 /* Models */ = {
			isa = PBXGroup;
			children = (
				1CCF9EB6980753797CA4D6F3 /* ChatMessage.swift */,
				77C619294B1AC03B395063A0 /* ChatSession.swift */,
				5D55DF732D37CA1C185CF326 /* DisplayModel.swift */,
				60BC1E72CE5E5A87AD2B7E9F /* ModelAttribution.swift */,
				9E4E9D24C8F8BBA88CCAC41D /* OllamaError.swift */,
				F3B09767F7386C960587BCAF /* OllamaModels.swift */,
			);
			path = Models;
			sourceTree = "<group>";
		};
		41646D74C0BE1FFDED4A288A = {
			isa = PBXGroup;
			children = (
				F14FEA3500066AF68BDDE6B6 /* OllamaChat */,
				98ECB19A6C4CD0E77D0A1833 /* Products */,
			);
			sourceTree = "<group>";
		};
		5FADEBB509F9BE1A551E62DC /* Services */ = {
			isa = PBXGroup;
			children = (
				3AA0C82F1F4858DDD9F415C9 /* BackupService.swift */,
				C7D92F810C296E3857437B8F /* ChatService.swift */,
				3ED67BAD9B0D7DCFE65E9671 /* SearchService.swift */,
			);
			path = Services;
			sourceTree = "<group>";
		};
		6FC5E9CA75CCAA1A30C177C2 /* Theme */ = {
			isa = PBXGroup;
			children = (
				762FB85AA861951C38699CC0 /* Theme.swift */,
			);
			path = Theme;
			sourceTree = "<group>";
		};
		7F7CBD01FD5C6752FB993CC5 /* Components,Theme,Utils */ = {
			isa = PBXGroup;
			children = (
			);
			path = "Components,Theme,Utils";
			sourceTree = "<group>";
		};
		98A6B2D51E6220918BD209B3 /* App */ = {
			isa = PBXGroup;
			children = (
				9F4E4AB8E9C309815BA8631F /* ContentView.swift */,
				28D4CDB54F98B7A14857F734 /* OllamaChatApp.swift */,
			);
			path = App;
			sourceTree = "<group>";
		};
		98ECB19A6C4CD0E77D0A1833 /* Products */ = {
			isa = PBXGroup;
			children = (
				03A8EF848E9D2C0CF72BAC83 /* LocalLLMChat.app */,
			);
			name = Products;
			sourceTree = "<group>";
		};
		9A5C87C89AE23B21513DE20F /* Repositories */ = {
			isa = PBXGroup;
			children = (
				2F8688431819B57F602197E5 /* ChatRepository.swift */,
				CC8A38E2E97E43BA536797CB /* SettingsRepository.swift */,
			);
			path = Repositories;
			sourceTree = "<group>";
		};
		9DC610C14F1A73F41C942015 /* Components */ = {
			isa = PBXGroup;
			children = (
				B22C035DB55B063207E2E6FE /* AttachmentMenu.swift */,
				0E6F35377487C318911032C3 /* BackupRestoreScreen.swift */,
				127C5A3A907D80E00EF38CB2 /* DrawerView.swift */,
				102627A20F4D558FC3C5FDEC /* ExpandableSettingsCard.swift */,
				49E9C2D11ED2CDA9EC166D06 /* InputBar.swift */,
				90A0AB599B4E615A5EFDBB16 /* MessageBubble.swift */,
				391B1E8C4278C23D59BE908F /* ModelSelector.swift */,
				115B91E68CCAAC62AAC60A9A /* PrivacyConsentView.swift */,
				03837E6569F648E5037D619E /* PrivacyPolicyView.swift */,
				B3BABA68BED2600E3AC82376 /* StreamingIndicator.swift */,
				3A752A169448470AF5D446AF /* WelcomeCard.swift */,
			);
			path = Components;
			sourceTree = "<group>";
		};
		A31F29DF561FEAA1F8B6C24A /* Config */ = {
			isa = PBXGroup;
			children = (
				2FB6BF87B6A1E63D9351733A /* AppSettings.swift */,
				338134FAD4BCF1358C82A488 /* AvailableModels.swift */,
				DFCCF0866A7E6D41E6E26E9F /* ConnectionConfig.swift */,
			);
			path = Config;
			sourceTree = "<group>";
		};
		B327596017418B349CB55E20 /* Runtime */ = {
			isa = PBXGroup;
			children = (
				EA03C6357F3D3AF9CAC2AF4A /* ApiClient.swift */,
				1302C1DF6754AAA2F5945258 /* StreamParser.swift */,
				1FBECF4423B456BA29BB2625 /* TavilyClient.swift */,
			);
			path = Runtime;
			sourceTree = "<group>";
		};
		C71831FE0011035FEEA99B67 /* {App,Models,Config,Repositories,Services,Runtime,ViewModels,Views */ = {
			isa = PBXGroup;
			children = (
				7F7CBD01FD5C6752FB993CC5 /* Components,Theme,Utils */,
			);
			path = "{App,Models,Config,Repositories,Services,Runtime,ViewModels,Views";
			sourceTree = "<group>";
		};
		C90BD345A27A27FB8823B91E /* Views */ = {
			isa = PBXGroup;
			children = (
				2EE1B98AE1FA51168F2F2441 /* ChatScreen.swift */,
				51FF93E964430846CC65349F /* RecentsScreen.swift */,
				D66F407B9DFFEDA7F1B59AA7 /* SettingsScreen.swift */,
				9DC610C14F1A73F41C942015 /* Components */,
			);
			path = Views;
			sourceTree = "<group>";
		};
		F14FEA3500066AF68BDDE6B6 /* OllamaChat */ = {
			isa = PBXGroup;
			children = (
				AF23B1632E381A99D90972C9 /* Assets.xcassets */,
				6E446589F9E820572EA225BE /* OllamaChat.entitlements */,
				C71831FE0011035FEEA99B67 /* {App,Models,Config,Repositories,Services,Runtime,ViewModels,Views */,
				98A6B2D51E6220918BD209B3 /* App */,
				A31F29DF561FEAA1F8B6C24A /* Config */,
				239D1478915E336D86F98346 /* Models */,
				9A5C87C89AE23B21513DE20F /* Repositories */,
				B327596017418B349CB55E20 /* Runtime */,
				5FADEBB509F9BE1A551E62DC /* Services */,
				6FC5E9CA75CCAA1A30C177C2 /* Theme */,
				0C9A46E91D33D416D8C52735 /* ViewModels */,
				C90BD345A27A27FB8823B91E /* Views */,
			);
			path = OllamaChat;
			sourceTree = "<group>";
		};
/* End PBXGroup section */

/* Begin PBXNativeTarget section */
		0440A81C34550E1CE9B7CCED /* LocalLLMChat */ = {
			isa = PBXNativeTarget;
			buildConfigurationList = 88668F557EE2A9DAA83D3237 /* Build configuration list for PBXNativeTarget "LocalLLMChat" */;
			buildPhases = (
				A13049FA643B8A0F2B76F998 /* Sources */,
				DABFFF11821BD50154350D60 /* Resources */,
			);
			buildRules = (
			);
			dependencies = (
			);
			name = LocalLLMChat;
			packageProductDependencies = (
			);
			productName = LocalLLMChat;
			productReference = 03A8EF848E9D2C0CF72BAC83 /* LocalLLMChat.app */;
			productType = "com.apple.product-type.application";
		};
/* End PBXNativeTarget section */

/* Begin PBXProject section */
		8CF72A0F58ED7C463BB871AF /* Project object */ = {
			isa = PBXProject;
			attributes = {
				BuildIndependentTargetsInParallel = YES;
				LastUpgradeCheck = 1600;
				TargetAttributes = {
					0440A81C34550E1CE9B7CCED = {
						DevelopmentTeam = "";
						ProvisioningStyle = Automatic;
					};
				};
			};
			buildConfigurationList = 5DFEDFADAF1FF782E6118495 /* Build configuration list for PBXProject "LocalLLMChat" */;
			developmentRegion = en;
			hasScannedForEncodings = 0;
			knownRegions = (
				Base,
				en,
			);
			mainGroup = 41646D74C0BE1FFDED4A288A;
			minimizedProjectReferenceProxies = 1;
			preferredProjectObjectVersion = 77;
			productRefGroup = 98ECB19A6C4CD0E77D0A1833 /* Products */;
			projectDirPath = "";
			projectRoot = "";
			targets = (
				0440A81C34550E1CE9B7CCED /* LocalLLMChat */,
			);
		};
/* End PBXProject section */

/* Begin PBXResourcesBuildPhase section */
		DABFFF11821BD50154350D60 /* Resources */ = {
			isa = PBXResourcesBuildPhase;
			buildActionMask = 2147483647;
			files = (
				8114524EDA6E3802409B1BE9 /* Assets.xcassets in Resources */,
			);
			runOnlyForDeploymentPostprocessing = 0;
		};
/* End PBXResourcesBuildPhase section */

/* Begin PBXSourcesBuildPhase section */
		A13049FA643B8A0F2B76F998 /* Sources */ = {
			isa = PBXSourcesBuildPhase;
			buildActionMask = 2147483647;
			files = (
				56C2813F0C0AF39FD735E110 /* ApiClient.swift in Sources */,
				3A7ED04720D3A30A5C319715 /* AppSettings.swift in Sources */,
				160DBA1F0C72A979CF3999B6 /* AttachmentMenu.swift in Sources */,
				C0F3A33A39736A172168A7D9 /* AvailableModels.swift in Sources */,
				08A57DCC9DE462F62747DBEC /* BackupRestoreScreen.swift in Sources */,
				50F00ACA5CFC3B9932479F61 /* BackupService.swift in Sources */,
				69C8731DD2F018E52D9157E0 /* ChatMessage.swift in Sources */,
				A56ACA211DEA1078C5EB7AB8 /* ChatRepository.swift in Sources */,
				03D4AFD731AC2DAB33914A36 /* ChatScreen.swift in Sources */,
				2511A00C93D50E4285EB0182 /* ChatService.swift in Sources */,
				5B3130C5518316157C80E15D /* ChatSession.swift in Sources */,
				22977C7482CC9F0242A99663 /* ChatViewModel.swift in Sources */,
				BDFB7418E8A3C15B715DDD88 /* ConnectionConfig.swift in Sources */,
				180A7D006DFA746B1FECD889 /* ContentView.swift in Sources */,
				D3600BBF9DC846DDE5494EAC /* DisplayModel.swift in Sources */,
				E68EA6A573F49DBE901E0CAF /* DrawerView.swift in Sources */,
				23E0C00C8AE0B38AD2E86014 /* ExpandableSettingsCard.swift in Sources */,
				1035FCD2C4B59E5AB88ACD81 /* InputBar.swift in Sources */,
				E442084B4459FFB1A1C2523D /* MessageBubble.swift in Sources */,
				B4BAB71E90197ED238800BD9 /* ModelAttribution.swift in Sources */,
				3BCEF633BAAB0DE05CA472B1 /* ModelSelector.swift in Sources */,
				7A85868A50773D8C7AC97AFB /* OllamaChatApp.swift in Sources */,
				1468E2C299E7B7DEA4BB1BC9 /* OllamaError.swift in Sources */,
				F6BF3E21BF46ED05F4CC3530 /* OllamaModels.swift in Sources */,
				5CCE7C6BE183BA0C52804F69 /* PrivacyConsentView.swift in Sources */,
				899F34FCF3B04954A666F949 /* PrivacyPolicyView.swift in Sources */,
				25FAEA19870933A8302D928A /* RecentsScreen.swift in Sources */,
				F4B9DF80D22F9358139826E0 /* SearchService.swift in Sources */,
				4FE25D05D45C997466602295 /* SessionsViewModel.swift in Sources */,
				8EE08D02623D41C023EFFE13 /* SettingsRepository.swift in Sources */,
				111CA9FDFB1846614C225578 /* SettingsScreen.swift in Sources */,
				845BE85FCBE8A494AD523CF0 /* SettingsViewModel.swift in Sources */,
				0B2853BC736A46BB4197167B /* StreamParser.swift in Sources */,
				124AB3D906F9AA098356AE2F /* StreamingIndicator.swift in Sources */,
				1D92AE8B03BD0CEB81B396A1 /* TavilyClient.swift in Sources */,
				8C69E0BF0D835BBE0975B7C1 /* Theme.swift in Sources */,
				A7B48FE6D83E7AF3997DDED6 /* WelcomeCard.swift in Sources */,
			);
			runOnlyForDeploymentPostprocessing = 0;
		};
/* End PBXSourcesBuildPhase section */

/* Begin XCBuildConfiguration section */
		2AD436298838B8FCBB9D3601 /* Release */ = {
			isa = XCBuildConfiguration;
			buildSettings = {
				ASSETCATALOG_COMPILER_APPICON_NAME = AppIcon;
				ASSETCATALOG_COMPILER_GLOBAL_ACCENT_COLOR_NAME = AccentColor;
				CODE_SIGNING_ALLOWED = NO;
				CODE_SIGNING_REQUIRED = NO;
				CODE_SIGN_ENTITLEMENTS = OllamaChat/OllamaChat.entitlements;
				CODE_SIGN_IDENTITY = "";
				CODE_SIGN_STYLE = Automatic;
				GENERATE_INFOPLIST_FILE = NO;
				INFOPLIST_FILE = OllamaChat/Info.plist;
				LD_RUNPATH_SEARCH_PATHS = (
					"$(inherited)",
					"@executable_path/Frameworks",
				);
				PRODUCT_BUNDLE_IDENTIFIER = com.marulab.localllmchat;
				SDKROOT = iphoneos;
				SWIFT_COMPILATION_MODE = wholemodule;
				SWIFT_EMIT_LOC_STRINGS = YES;
				SWIFT_OPTIMIZATION_LEVEL = "-O";
				TARGETED_DEVICE_FAMILY = "1,2";
			};
			name = Release;
		};
		7DA0DC976712AEDDDBD84033 /* Debug */ = {
			isa = XCBuildConfiguration;
			buildSettings = {
				ALWAYS_SEARCH_USER_PATHS = NO;
				CLANG_ANALYZER_NONNULL = YES;
				CLANG_ANALYZER_NUMBER_OBJECT_CONVERSION = YES_AGGRESSIVE;
				CLANG_CXX_LANGUAGE_STANDARD = "gnu++14";
				CLANG_CXX_LIBRARY = "libc++";
				CLANG_ENABLE_MODULES = YES;
				CLANG_ENABLE_OBJC_ARC = YES;
				CLANG_ENABLE_OBJC_WEAK = YES;
				CLANG_WARN_BLOCK_CAPTURE_AUTORELEASING = YES;
				CLANG_WARN_BOOL_CONVERSION = YES;
				CLANG_WARN_COMMA = YES;
				CLANG_WARN_CONSTANT_CONVERSION = YES;
				CLANG_WARN_DEPRECATED_OBJC_IMPLEMENTATIONS = YES;
				CLANG_WARN_DIRECT_OBJC_ISA_USAGE = YES_ERROR;
				CLANG_WARN_DOCUMENTATION_COMMENTS = YES;
				CLANG_WARN_EMPTY_BODY = YES;
				CLANG_WARN_ENUM_CONVERSION = YES;
				CLANG_WARN_INFINITE_RECURSION = YES;
				CLANG_WARN_INT_CONVERSION = YES;
				CLANG_WARN_NON_LITERAL_NULL_CONVERSION = YES;
				CLANG_WARN_OBJC_IMPLICIT_RETAIN_SELF = YES;
				CLANG_WARN_OBJC_LITERAL_CONVERSION = YES;
				CLANG_WARN_OBJC_ROOT_CLASS = YES_ERROR;
				CLANG_WARN_QUOTED_INCLUDE_IN_FRAMEWORK_HEADER = YES;
				CLANG_WARN_RANGE_LOOP_ANALYSIS = YES;
				CLANG_WARN_STRICT_PROTOTYPES = YES;
				CLANG_WARN_SUSPICIOUS_MOVE = YES;
				CLANG_WARN_UNGUARDED_AVAILABILITY = YES_AGGRESSIVE;
				CLANG_WARN_UNREACHABLE_CODE = YES;
				CLANG_WARN__DUPLICATE_METHOD_MATCH = YES;
				COPY_PHASE_STRIP = NO;
				DEBUG_INFORMATION_FORMAT = dwarf;
				DEVELOPMENT_TEAM = "";
				ENABLE_STRICT_OBJC_MSGSEND = YES;
				ENABLE_TESTABILITY = YES;
				GCC_C_LANGUAGE_STANDARD = gnu11;
				GCC_DYNAMIC_NO_PIC = NO;
				GCC_NO_COMMON_BLOCKS = YES;
				GCC_OPTIMIZATION_LEVEL = 0;
				GCC_PREPROCESSOR_DEFINITIONS = (
					"$(inherited)",
					"DEBUG=1",
				);
				GCC_WARN_64_TO_32_BIT_CONVERSION = YES;
				GCC_WARN_ABOUT_RETURN_TYPE = YES_ERROR;
				GCC_WARN_UNDECLARED_SELECTOR = YES;
				GCC_WARN_UNINITIALIZED_AUTOS = YES_AGGRESSIVE;
				GCC_WARN_UNUSED_FUNCTION = YES;
				GCC_WARN_UNUSED_VARIABLE = YES;
				IPHONEOS_DEPLOYMENT_TARGET = 17.0;
				MTL_ENABLE_DEBUG_INFO = INCLUDE_SOURCE;
				MTL_FAST_MATH = YES;
				ONLY_ACTIVE_ARCH = YES;
				PRODUCT_NAME = "$(TARGET_NAME)";
				SDKROOT = iphoneos;
				SWIFT_ACTIVE_COMPILATION_CONDITIONS = DEBUG;
				SWIFT_OPTIMIZATION_LEVEL = "-Onone";
				SWIFT_VERSION = 5.0;
			};
			name = Debug;
		};
		9B49F0B44D58A799A5878540 /* Release */ = {
			isa = XCBuildConfiguration;
			buildSettings = {
				ALWAYS_SEARCH_USER_PATHS = NO;
				CLANG_ANALYZER_NONNULL = YES;
				CLANG_ANALYZER_NUMBER_OBJECT_CONVERSION = YES_AGGRESSIVE;
				CLANG_CXX_LANGUAGE_STANDARD = "gnu++14";
				CLANG_CXX_LIBRARY = "libc++";
				CLANG_ENABLE_MODULES = YES;
				CLANG_ENABLE_OBJC_ARC = YES;
				CLANG_ENABLE_OBJC_WEAK = YES;
				CLANG_WARN_BLOCK_CAPTURE_AUTORELEASING = YES;
				CLANG_WARN_BOOL_CONVERSION = YES;
				CLANG_WARN_COMMA = YES;
				CLANG_WARN_CONSTANT_CONVERSION = YES;
				CLANG_WARN_DEPRECATED_OBJC_IMPLEMENTATIONS = YES;
				CLANG_WARN_DIRECT_OBJC_ISA_USAGE = YES_ERROR;
				CLANG_WARN_DOCUMENTATION_COMMENTS = YES;
				CLANG_WARN_EMPTY_BODY = YES;
				CLANG_WARN_ENUM_CONVERSION = YES;
				CLANG_WARN_INFINITE_RECURSION = YES;
				CLANG_WARN_INT_CONVERSION = YES;
				CLANG_WARN_NON_LITERAL_NULL_CONVERSION = YES;
				CLANG_WARN_OBJC_IMPLICIT_RETAIN_SELF = YES;
				CLANG_WARN_OBJC_LITERAL_CONVERSION = YES;
				CLANG_WARN_OBJC_ROOT_CLASS = YES_ERROR;
				CLANG_WARN_QUOTED_INCLUDE_IN_FRAMEWORK_HEADER = YES;
				CLANG_WARN_RANGE_LOOP_ANALYSIS = YES;
				CLANG_WARN_STRICT_PROTOTYPES = YES;
				CLANG_WARN_SUSPICIOUS_MOVE = YES;
				CLANG_WARN_UNGUARDED_AVAILABILITY = YES_AGGRESSIVE;
				CLANG_WARN_UNREACHABLE_CODE = YES;
				CLANG_WARN__DUPLICATE_METHOD_MATCH = YES;
				COPY_PHASE_STRIP = NO;
				DEBUG_INFORMATION_FORMAT = "dwarf-with-dsym";
				DEVELOPMENT_TEAM = "";
				ENABLE_NS_ASSERTIONS = NO;
				ENABLE_STRICT_OBJC_MSGSEND = YES;
				GCC_C_LANGUAGE_STANDARD = gnu11;
				GCC_NO_COMMON_BLOCKS = YES;
				GCC_WARN_64_TO_32_BIT_CONVERSION = YES;
				GCC_WARN_ABOUT_RETURN_TYPE = YES_ERROR;
				GCC_WARN_UNDECLARED_SELECTOR = YES;
				GCC_WARN_UNINITIALIZED_AUTOS = YES_AGGRESSIVE;
				GCC_WARN_UNUSED_FUNCTION = YES;
				GCC_WARN_UNUSED_VARIABLE = YES;
				IPHONEOS_DEPLOYMENT_TARGET = 17.0;
				MTL_ENABLE_DEBUG_INFO = NO;
				MTL_FAST_MATH = YES;
				PRODUCT_NAME = "$(TARGET_NAME)";
				SDKROOT = iphoneos;
				SWIFT_COMPILATION_MODE = wholemodule;
				SWIFT_OPTIMIZATION_LEVEL = "-O";
				SWIFT_VERSION = 5.0;
			};
			name = Release;
		};
		E2382609E8692FAD560F12BA /* Debug */ = {
			isa = XCBuildConfiguration;
			buildSettings = {
				ASSETCATALOG_COMPILER_APPICON_NAME = AppIcon;
				ASSETCATALOG_COMPILER_GLOBAL_ACCENT_COLOR_NAME = AccentColor;
				CODE_SIGNING_ALLOWED = NO;
				CODE_SIGNING_REQUIRED = NO;
				CODE_SIGN_ENTITLEMENTS = OllamaChat/OllamaChat.entitlements;
				CODE_SIGN_IDENTITY = "";
				CODE_SIGN_STYLE = Automatic;
				GENERATE_INFOPLIST_FILE = NO;
				INFOPLIST_FILE = OllamaChat/Info.plist;
				LD_RUNPATH_SEARCH_PATHS = (
					"$(inherited)",
					"@executable_path/Frameworks",
				);
				ONLY_ACTIVE_ARCH = YES;
				PRODUCT_BUNDLE_IDENTIFIER = com.marulab.localllmchat;
				SDKROOT = iphoneos;
				SWIFT_EMIT_LOC_STRINGS = YES;
				SWIFT_OPTIMIZATION_LEVEL = "-Onone";
				TARGETED_DEVICE_FAMILY = "1,2";
			};
			name = Debug;
		};
/* End XCBuildConfiguration section */

/* Begin XCConfigurationList section */
		5DFEDFADAF1FF782E6118495 /* Build configuration list for PBXProject "LocalLLMChat" */ = {
			isa = XCConfigurationList;
			buildConfigurations = (
				7DA0DC976712AEDDDBD84033 /* Debug */,
				9B49F0B44D58A799A5878540 /* Release */,
			);
			defaultConfigurationIsVisible = 0;
			defaultConfigurationName = Debug;
		};
		88668F557EE2A9DAA83D3237 /* Build configuration list for PBXNativeTarget "LocalLLMChat" */ = {
			isa = XCConfigurationList;
			buildConfigurations = (
				E2382609E8692FAD560F12BA /* Debug */,
				2AD436298838B8FCBB9D3601 /* Release */,
			);
			defaultConfigurationIsVisible = 0;
			defaultConfigurationName = Debug;
		};
/* End XCConfigurationList section */
	};
	rootObject = 8CF72A0F58ED7C463BB871AF /* Project object */;
}
